<?xml version="1.0" encoding="utf-8"?>
<Project ToolsVersion="4.0" xmlns="http://schemas.microsoft.com/developer/msbuild/2003">
  <ItemGroup>
    <Filter Include="Source Files">
      <UniqueIdentifier>{4FC737F1-C7A5-4376-A066-2A32D752A2FF}</UniqueIdentifier>
      <Extensions>cpp;c;cc;cxx;def;odl;idl;hpj;bat;asm;asmx</Extensions>
    </Filter>
    <Filter Include="Header Files">
      <UniqueIdentifier>{93995380-89BD-4b04-88EB-625FBE52EBFB}</UniqueIdentifier>
      <Extensions>h;hh;hpp;hxx;hm;inl;inc;xsd</Extensions>
    </Filter>
    <Filter Include="Resource Files">
      <UniqueIdentifier>{67DA6AB6-F800-4c08-8B7A-83BB121AAD01}</UniqueIdentifier>
      <Extensions>rc;ico;cur;bmp;dlg;rc2;rct;bin;rgs;gif;jpg;jpeg;jpe;resx;tiff;tif;png;wav;mfcribbon-ms</Extensions>
    </Filter>
  </ItemGroup>
  <ItemGroup>
    <ClCompile Include="stationary_test_main.c">
      <Filter>Source Files</Filter>
    </ClCompile>
    <ClCompile Include="peops\cfg.c">
      <Filter>Source Files</Filter>
    </ClCompile>
    <ClCompile Include="peops\draw.c">
      <Filter>Source Files</Filter>
    </ClCompile>
    <ClCompile Include="peops\DrawString.c">
      <Filter>Source Files</Filter>
    </ClCompile>
    <ClCompile Include="peops\fps.c">
      <Filter>Source Files</Filter>
    </ClCompile>
    <ClCompile Include="peops\gpu.c">
      <Filter>Source Files</Filter>
    </ClCompile>
    <ClCompile Include="peops\key.c">
      <Filter>Source Files</Filter>
    </ClCompile>
    <ClCompile Include="peops\menu.c">
      <Filter>Source Files</Filter>
    </ClCompile>
    <ClCompile Include="peops\prim.c">
      <Filter>Source Files</Filter>
    </ClCompile>
    <ClCompile Include="peops\soft.c">
      <Filter>Source Files</Filter>
    </ClCompile>
    <ClCompile Include="peops\zn.c">
      <Filter>Source Files</Filter>
    </ClCompile>
  </ItemGroup>
  <ItemGroup>
    <ClInclude Include="peops\cfg.h">
      <Filter>Header Files</Filter>
    </ClInclude>
    <ClInclude Include="peops\draw.h">
      <Filter>Header Files</Filter>
    </ClInclude>
    <ClInclude Include="peops\DrawString.h">
      <Filter>Header Files</Filter>
    </ClInclude>
    <ClInclude Include="peops\DrawStringFont.h">
      <Filter>Header Files</Filter>
    </ClInclude>
    <ClInclude Include="peops\externals.h">
      <Filter>Header Files</Filter>
    </ClInclude>
    <ClInclude Include="peops\fps.h">
      <Filter>Header Files</Filter>
    </ClInclude>
    <ClInclude Include="peops\gpu.h">
      <Filter>Header Files</Filter>
    </ClInclude>
    <ClInclude Include="peops\hq2x.h">
      <Filter>Header Files</Filter>
    </ClInclude>
    <ClInclude Include="peops\hq3x.h">
      <Filter>Header Files</Filter>
    </ClInclude>
    <ClInclude Include="peops\interp.h">
      <Filter>Header Files</Filter>
    </ClInclude>
    <ClInclude Include="peops\key.h">
      <Filter>Header Files</Filter>
    </ClInclude>
    <ClInclude Include="peops\menu.h">
      <Filter>Header Files</Filter>
    </ClInclude>
    <ClInclude Include="peops\mingw_d3d.h">
      <Filter>Header Files</Filter>
    </ClInclude>
    <ClInclude Include="peops\mingw_d3dtypes.h">
      <Filter>Header Files</Filter>
    </ClInclude>
    <ClInclude Include="peops\mingw_ddraw.h">
      <Filter>Header Files</Filter>
    </ClInclude>
    <ClInclude Include="peops\prim.h">
      <Filter>Header Files</Filter>
    </ClInclude>
    <ClInclude Include="peops\psemu.h">
      <Filter>Header Files</Filter>
    </ClInclude>
    <ClInclude Include="peops\resource.h">
      <Filter>Header Files</Filter>
    </ClInclude>
    <ClInclude Include="peops\soft.h">
      <Filter>Header Files</Filter>
    </ClInclude>
    <ClInclude Include="peops\stdafx.h">
      <Filter>Header Files</Filter>
    </ClInclude>
  </ItemGroup>
</Project>